{
    "_meta": {
        "hash": {
            "sha256": "da5aced237a3fed7e20a6f834e31bb91a9d501dddc15019fce8e930448da9320"
        },
        "requires": {},
        "sources": [
            {
                "url": "https://pypi.python.org/simple",
                "verify_ssl": true
            }
        ]
    },
    "default": {
        "certifi": {
            "version": "==2017.7.27.1"
        },
        "chardet": {
            "version": "==3.0.4"
        },
        "decorator": {
            "version": "==4.1.2"
        },
        "gevent": {
            "version": "==1.2.2"
        },
        "greenlet": {
            "version": "==0.4.12"
        },
        "idna": {
            "version": "==2.6"
        },
        "ipython": {
            "version": "==6.2.1"
        },
        "ipython-genutils": {
            "version": "==0.2.0"
        },
        "jedi": {
            "version": "==0.11.0"
        },
        "parso": {
            "version": "==0.1.0"
        },
        "pexpect": {
            "version": "==4.2.1"
        },
        "pickleshare": {
            "version": "==0.7.4"
        },
        "prompt-toolkit": {
            "version": "==1.0.15"
        },
        "ptyprocess": {
            "version": "==0.5.2"
        },
        "py": {
            "version": "==1.4.34"
        },
        "pygments": {
            "version": "==2.2.0"
        },
        "pytest": {
            "version": "==3.2.2"
        },
        "requests": {
            "version": "==2.18.4"
        },
        "setuptools": {
            "version": "==36.5.0"
        },
        "simplegeneric": {
            "version": "==0.8.1"
        },
        "six": {
            "version": "==1.11.0"
        },
        "traitlets": {
            "version": "==4.3.2"
        },
        "unittest-xml-reporting": {
            "version": "==2.1.0"
        },
        "urllib3": {
            "version": "==1.22"
        },
        "wcwidth": {
            "version": "==0.1.7"
        }
    },
    "develop": {}
}
