{
    "_meta": {
        "hash": {
            "sha256": "7027e096044cc3b8f26578e9b46f47c36e32102a08eb936bcd40eef1466d232b"
        },
        "requires": {},
        "sources": [
            {
                "url": "https://pypi.python.org/simple",
                "verify_ssl": true
            }
        ]
    },
    "default": {
        "certifi": {
            "version": "==2017.7.27.1"
        },
        "chardet": {
            "version": "==3.0.4"
        },
        "decorator": {
            "version": "==4.1.2"
        },
        "gevent": {
            "version": "==1.2.2"
        },
        "greenlet": {
            "version": "==0.4.12"
        },
        "idna": {
            "version": "==2.5"
        },
        "ipython": {
            "version": "==6.1.0"
        },
        "ipython-genutils": {
            "version": "==0.2.0"
        },
        "jedi": {
            "version": "==0.10.2"
        },
        "pexpect": {
            "version": "==4.2.1"
        },
        "pickleshare": {
            "version": "==0.7.4"
        },
        "prompt-toolkit": {
            "version": "==1.0.15"
        },
        "ptyprocess": {
            "version": "==0.5.2"
        },
        "py": {
            "version": "==1.4.34"
        },
        "pygments": {
            "version": "==2.2.0"
        },
        "pytest": {
            "version": "==3.1.3"
        },
        "requests": {
            "version": "==2.18.2"
        },
        "setuptools": {
            "version": "==36.2.4"
        },
        "simplegeneric": {
            "version": "==0.8.1"
        },
        "six": {
            "version": "==1.10.0"
        },
        "traitlets": {
            "version": "==4.3.2"
        },
        "urllib3": {
            "version": "==1.22"
        },
        "wcwidth": {
            "version": "==0.1.7"
        }
    },
    "develop": {}
}
